
Microsoft Visual Studio Solution File, Format Version 12.00
Project("{FAE04EC0-301F-11D3-BF4B-00C04F79EFBC}") = "WordFinderAPI", "WordFinderAPI\WordFinderAPI.csproj", "{0202D862-4647-45C6-820A-FCC4DAB605DB}"
EndProject
Global
	GlobalSection(SolutionConfigurationPlatforms) = preSolution
		Debug|Any CPU = Debug|Any CPU
		Release|Any CPU = Release|Any CPU
	EndGlobalSection
	GlobalSection(ProjectConfigurationPlatforms) = postSolution
		{0202D862-4647-45C6-820A-FCC4DAB605DB}.Debug|Any CPU.ActiveCfg = Debug|Any CPU
		{0202D862-4647-45C6-820A-FCC4DAB605DB}.Debug|Any CPU.Build.0 = Debug|Any CPU
		{0202D862-4647-45C6-820A-FCC4DAB605DB}.Release|Any CPU.ActiveCfg = Release|Any CPU
		{0202D862-4647-45C6-820A-FCC4DAB605DB}.Release|Any CPU.Build.0 = Release|Any CPU
	EndGlobalSection
EndGlobal
