
Microsoft Visual Studio Solution File, Format Version 12.00
Project("{FAE04EC0-301F-11D3-BF4B-00C04F79EFBC}") = "WordFinderAPI", "WordFinderAPI\WordFinderAPI.csproj", "{0202D862-4647-45C6-820A-FCC4DAB605DB}"
EndProject
Project("{2150E333-8FDC-42A3-9474-1A3956D46DE8}") = "src", "src", "{BADD0650-5E25-4E05-AFC0-C6FA947ABEB4}"
EndProject
Project("{2150E333-8FDC-42A3-9474-1A3956D46DE8}") = "tests", "tests", "{A7AE0EB9-9E40-47DB-8FDF-E9D894AD7ABE}"
EndProject
Project("{FAE04EC0-301F-11D3-BF4B-00C04F79EFBC}") = "WordFinderAPI.Core", "WordFinderAPI.Core\WordFinderAPI.Core.csproj", "{084B9941-FDB7-4619-9151-E5F76B9D7221}"
EndProject
Project("{FAE04EC0-301F-11D3-BF4B-00C04F79EFBC}") = "WordFinderAPI.Services", "WordFinderAPI.Services\WordFinderAPI.Services.csproj", "{D11543A1-576A-47CB-B9D1-3E91CD57E892}"
EndProject
Project("{FAE04EC0-301F-11D3-BF4B-00C04F79EFBC}") = "WordFinderAPI.Interfaces", "WordFinderAPI.Interfaces\WordFinderAPI.Interfaces.csproj", "{6800910F-C630-4478-83D1-492C16C6CCB3}"
EndProject
Project("{FAE04EC0-301F-11D3-BF4B-00C04F79EFBC}") = "WordFinderAPI.Infrastructure", "WordFinderAPI.Infrastructure\WordFinderAPI.Infrastructure.csproj", "{39987412-7600-44BE-B24D-7C7D0D45A841}"
EndProject
Project("{FAE04EC0-301F-11D3-BF4B-00C04F79EFBC}") = "WordFinderAPI.UnitTest", "WordFinderAPI.UnitTest\WordFinderAPI.UnitTest.csproj", "{11AD69A4-1B1F-47CC-831A-00355AE44143}"
EndProject
Project("{FAE04EC0-301F-11D3-BF4B-00C04F79EFBC}") = "WordFinderAPI.IntegrationTest", "WordFinderAPI.IntegrationTest\WordFinderAPI.IntegrationTest.csproj", "{9E5D2934-14C1-4F5D-A9E8-FD16F8C6630E}"
EndProject
Global
	GlobalSection(SolutionConfigurationPlatforms) = preSolution
		Debug|Any CPU = Debug|Any CPU
		Release|Any CPU = Release|Any CPU
	EndGlobalSection
	GlobalSection(ProjectConfigurationPlatforms) = postSolution
		{0202D862-4647-45C6-820A-FCC4DAB605DB}.Debug|Any CPU.ActiveCfg = Debug|Any CPU
		{0202D862-4647-45C6-820A-FCC4DAB605DB}.Debug|Any CPU.Build.0 = Debug|Any CPU
		{0202D862-4647-45C6-820A-FCC4DAB605DB}.Release|Any CPU.ActiveCfg = Release|Any CPU
		{0202D862-4647-45C6-820A-FCC4DAB605DB}.Release|Any CPU.Build.0 = Release|Any CPU
		{084B9941-FDB7-4619-9151-E5F76B9D7221}.Debug|Any CPU.ActiveCfg = Debug|Any CPU
		{084B9941-FDB7-4619-9151-E5F76B9D7221}.Debug|Any CPU.Build.0 = Debug|Any CPU
		{084B9941-FDB7-4619-9151-E5F76B9D7221}.Release|Any CPU.ActiveCfg = Release|Any CPU
		{084B9941-FDB7-4619-9151-E5F76B9D7221}.Release|Any CPU.Build.0 = Release|Any CPU
		{D11543A1-576A-47CB-B9D1-3E91CD57E892}.Debug|Any CPU.ActiveCfg = Debug|Any CPU
		{D11543A1-576A-47CB-B9D1-3E91CD57E892}.Debug|Any CPU.Build.0 = Debug|Any CPU
		{D11543A1-576A-47CB-B9D1-3E91CD57E892}.Release|Any CPU.ActiveCfg = Release|Any CPU
		{D11543A1-576A-47CB-B9D1-3E91CD57E892}.Release|Any CPU.Build.0 = Release|Any CPU
		{6800910F-C630-4478-83D1-492C16C6CCB3}.Debug|Any CPU.ActiveCfg = Debug|Any CPU
		{6800910F-C630-4478-83D1-492C16C6CCB3}.Debug|Any CPU.Build.0 = Debug|Any CPU
		{6800910F-C630-4478-83D1-492C16C6CCB3}.Release|Any CPU.ActiveCfg = Release|Any CPU
		{6800910F-C630-4478-83D1-492C16C6CCB3}.Release|Any CPU.Build.0 = Release|Any CPU
		{39987412-7600-44BE-B24D-7C7D0D45A841}.Debug|Any CPU.ActiveCfg = Debug|Any CPU
		{39987412-7600-44BE-B24D-7C7D0D45A841}.Debug|Any CPU.Build.0 = Debug|Any CPU
		{39987412-7600-44BE-B24D-7C7D0D45A841}.Release|Any CPU.ActiveCfg = Release|Any CPU
		{39987412-7600-44BE-B24D-7C7D0D45A841}.Release|Any CPU.Build.0 = Release|Any CPU
		{11AD69A4-1B1F-47CC-831A-00355AE44143}.Debug|Any CPU.ActiveCfg = Debug|Any CPU
		{11AD69A4-1B1F-47CC-831A-00355AE44143}.Debug|Any CPU.Build.0 = Debug|Any CPU
		{11AD69A4-1B1F-47CC-831A-00355AE44143}.Release|Any CPU.ActiveCfg = Release|Any CPU
		{11AD69A4-1B1F-47CC-831A-00355AE44143}.Release|Any CPU.Build.0 = Release|Any CPU
		{9E5D2934-14C1-4F5D-A9E8-FD16F8C6630E}.Debug|Any CPU.ActiveCfg = Debug|Any CPU
		{9E5D2934-14C1-4F5D-A9E8-FD16F8C6630E}.Debug|Any CPU.Build.0 = Debug|Any CPU
		{9E5D2934-14C1-4F5D-A9E8-FD16F8C6630E}.Release|Any CPU.ActiveCfg = Release|Any CPU
		{9E5D2934-14C1-4F5D-A9E8-FD16F8C6630E}.Release|Any CPU.Build.0 = Release|Any CPU
	EndGlobalSection
	GlobalSection(NestedProjects) = preSolution
		{0202D862-4647-45C6-820A-FCC4DAB605DB} = {BADD0650-5E25-4E05-AFC0-C6FA947ABEB4}
		{084B9941-FDB7-4619-9151-E5F76B9D7221} = {BADD0650-5E25-4E05-AFC0-C6FA947ABEB4}
		{D11543A1-576A-47CB-B9D1-3E91CD57E892} = {BADD0650-5E25-4E05-AFC0-C6FA947ABEB4}
		{6800910F-C630-4478-83D1-492C16C6CCB3} = {BADD0650-5E25-4E05-AFC0-C6FA947ABEB4}
		{39987412-7600-44BE-B24D-7C7D0D45A841} = {BADD0650-5E25-4E05-AFC0-C6FA947ABEB4}
		{11AD69A4-1B1F-47CC-831A-00355AE44143} = {A7AE0EB9-9E40-47DB-8FDF-E9D894AD7ABE}
		{9E5D2934-14C1-4F5D-A9E8-FD16F8C6630E} = {A7AE0EB9-9E40-47DB-8FDF-E9D894AD7ABE}
	EndGlobalSection
EndGlobal
